
Microsoft Visual Studio Solution File, Format Version 11.00
# Visual C# Express 2010
Project("{FAE04EC0-301F-11D3-BF4B-00C04F79EFBC}") = "CloudJourney", "CloudJourney\CloudJourney\CloudJourney.csproj", "{EF410828-7705-4590-BFD3-2A88F2500264}"
EndProject
Project("{96E2B04D-8817-42C6-938A-82C39BA4D311}") = "CloudJourneyContent", "CloudJourney\CloudJourneyContent\CloudJourneyContent.contentproj", "{8B05B1C2-B915-4BB6-AB79-86ED621C25E2}"
EndProject
Global
	GlobalSection(SolutionConfigurationPlatforms) = preSolution
		Debug|x86 = Debug|x86
		Release|x86 = Release|x86
	EndGlobalSection
	GlobalSection(ProjectConfigurationPlatforms) = postSolution
		{EF410828-7705-4590-BFD3-2A88F2500264}.Debug|x86.ActiveCfg = Debug|x86
		{EF410828-7705-4590-BFD3-2A88F2500264}.Debug|x86.Build.0 = Debug|x86
		{EF410828-7705-4590-BFD3-2A88F2500264}.Release|x86.ActiveCfg = Release|x86
		{EF410828-7705-4590-BFD3-2A88F2500264}.Release|x86.Build.0 = Release|x86
		{8B05B1C2-B915-4BB6-AB79-86ED621C25E2}.Debug|x86.ActiveCfg = Debug|x86
		{8B05B1C2-B915-4BB6-AB79-86ED621C25E2}.Release|x86.ActiveCfg = Release|x86
	EndGlobalSection
	GlobalSection(SolutionProperties) = preSolution
		HideSolutionNode = FALSE
	EndGlobalSection
EndGlobal
